{
  "originHash" : "a7240b58cf5cec0106ea5f0fefc5e9a0fda5ee12f2fc9a04fbe607c65dad6ba0",
  "pins" : [
    {
      "identity" : "swift-text-pdf",
      "kind" : "remoteSourceControl",
      "location" : "https://github.com/arraypress/swift-text-pdf.git",
      "state" : {
        "revision" : "7e0f1d1f5688921fccfed05742fa132b199f972e",
        "version" : "2.4.1"
      }
    }
  ],
  "version" : 3
}
