{
  "originHash" : "fe19174292a35e3771e95879d8fbf88c8a47aebc7942a61e244580e4b27463d9",
  "pins" : [
    {
      "identity" : "swift-text-pdf",
      "kind" : "remoteSourceControl",
      "location" : "https://github.com/arraypress/swift-text-pdf.git",
      "state" : {
        "revision" : "651464b7fae9944f30a8a83a2c569472ed60fb27",
        "version" : "0.1.0"
      }
    }
  ],
  "version" : 3
}
