{
  "originHash" : "cf7edd879e04f4b14328b76554edb058be6a16bea3c841e5346017d7fa2d2879",
  "pins" : [
    {
      "identity" : "swift-text-pdf",
      "kind" : "remoteSourceControl",
      "location" : "https://github.com/arraypress/swift-text-pdf.git",
      "state" : {
        "revision" : "42f9b83bdaa85f9f829a9f701dadab7a12fcdfba",
        "version" : "2.3.0"
      }
    }
  ],
  "version" : 3
}
